
Microsoft Visual Studio Solution File, Format Version 12.00
# Visual Studio 15
VisualStudioVersion = 15.0.26228.12
MinimumVisualStudioVersion = 10.0.40219.1
Project("{FAE04EC0-301F-11D3-BF4B-00C04F79EFBC}") = "terrain.Plugins", "terrain.Plugins.csproj", "{700C3137-5A67-43F7-7BCE-B8471EA29BA3}"
EndProject
Project("{FAE04EC0-301F-11D3-BF4B-00C04F79EFBC}") = "terrain", "terrain.csproj", "{46703433-06DA-2D79-7C6A-5636EEFF4896}"
EndProject
Project("{FAE04EC0-301F-11D3-BF4B-00C04F79EFBC}") = "terrain.Editor", "terrain.Editor.csproj", "{69F8CFF2-9BC5-2070-6106-AB8B6EA201A3}"
EndProject
Global
	GlobalSection(SolutionConfigurationPlatforms) = preSolution
		Debug|Any CPU = Debug|Any CPU
		Release|Any CPU = Release|Any CPU
	EndGlobalSection
	GlobalSection(ProjectConfigurationPlatforms) = postSolution
		{700C3137-5A67-43F7-7BCE-B8471EA29BA3}.Debug|Any CPU.ActiveCfg = Debug|Any CPU
		{700C3137-5A67-43F7-7BCE-B8471EA29BA3}.Debug|Any CPU.Build.0 = Debug|Any CPU
		{700C3137-5A67-43F7-7BCE-B8471EA29BA3}.Release|Any CPU.ActiveCfg = Release|Any CPU
		{700C3137-5A67-43F7-7BCE-B8471EA29BA3}.Release|Any CPU.Build.0 = Release|Any CPU
		{46703433-06DA-2D79-7C6A-5636EEFF4896}.Debug|Any CPU.ActiveCfg = Debug|Any CPU
		{46703433-06DA-2D79-7C6A-5636EEFF4896}.Debug|Any CPU.Build.0 = Debug|Any CPU
		{46703433-06DA-2D79-7C6A-5636EEFF4896}.Release|Any CPU.ActiveCfg = Release|Any CPU
		{46703433-06DA-2D79-7C6A-5636EEFF4896}.Release|Any CPU.Build.0 = Release|Any CPU
		{69F8CFF2-9BC5-2070-6106-AB8B6EA201A3}.Debug|Any CPU.ActiveCfg = Debug|Any CPU
		{69F8CFF2-9BC5-2070-6106-AB8B6EA201A3}.Debug|Any CPU.Build.0 = Debug|Any CPU
		{69F8CFF2-9BC5-2070-6106-AB8B6EA201A3}.Release|Any CPU.ActiveCfg = Release|Any CPU
		{69F8CFF2-9BC5-2070-6106-AB8B6EA201A3}.Release|Any CPU.Build.0 = Release|Any CPU
	EndGlobalSection
	GlobalSection(SolutionProperties) = preSolution
		HideSolutionNode = FALSE
	EndGlobalSection
EndGlobal
